
Microsoft Visual Studio Solution File, Format Version 12.00
# Visual Studio 15
VisualStudioVersion = 15.0.28307.329
MinimumVisualStudioVersion = 10.0.40219.1
Project("{FAE04EC0-301F-11D3-BF4B-00C04F79EFBC}") = "BudgetPlannerConsole", "BudgetPlannerConsole\BudgetPlannerConsole.csproj", "{F2316F77-F4D1-4193-A84A-577010A6399A}"
EndProject
Global
	GlobalSection(SolutionConfigurationPlatforms) = preSolution
		Debug|Any CPU = Debug|Any CPU
		Release|Any CPU = Release|Any CPU
	EndGlobalSection
	GlobalSection(ProjectConfigurationPlatforms) = postSolution
		{F2316F77-F4D1-4193-A84A-577010A6399A}.Debug|Any CPU.ActiveCfg = Debug|Any CPU
		{F2316F77-F4D1-4193-A84A-577010A6399A}.Debug|Any CPU.Build.0 = Debug|Any CPU
		{F2316F77-F4D1-4193-A84A-577010A6399A}.Release|Any CPU.ActiveCfg = Release|Any CPU
		{F2316F77-F4D1-4193-A84A-577010A6399A}.Release|Any CPU.Build.0 = Release|Any CPU
	EndGlobalSection
	GlobalSection(SolutionProperties) = preSolution
		HideSolutionNode = FALSE
	EndGlobalSection
	GlobalSection(ExtensibilityGlobals) = postSolution
		SolutionGuid = {0D4543D2-12E8-4EB7-87BC-DF74F9005BCD}
	EndGlobalSection
EndGlobal
